
Microsoft Visual Studio Solution File, Format Version 12.00
# Visual Studio Version 17
VisualStudioVersion = 17.5.002.0
MinimumVisualStudioVersion = 10.0.40219.1
Project("{9A19103F-16F7-4668-BE54-9A1E7A4F7556}") = "AlişverişV1", "AlişverişV1.csproj", "{FBE458A2-543A-4136-B071-6B1E19377397}"
EndProject
Global
	GlobalSection(SolutionConfigurationPlatforms) = preSolution
		Debug|Any CPU = Debug|Any CPU
		Release|Any CPU = Release|Any CPU
	EndGlobalSection
	GlobalSection(ProjectConfigurationPlatforms) = postSolution
		{FBE458A2-543A-4136-B071-6B1E19377397}.Debug|Any CPU.ActiveCfg = Debug|Any CPU
		{FBE458A2-543A-4136-B071-6B1E19377397}.Debug|Any CPU.Build.0 = Debug|Any CPU
		{FBE458A2-543A-4136-B071-6B1E19377397}.Release|Any CPU.ActiveCfg = Release|Any CPU
		{FBE458A2-543A-4136-B071-6B1E19377397}.Release|Any CPU.Build.0 = Release|Any CPU
	EndGlobalSection
	GlobalSection(SolutionProperties) = preSolution
		HideSolutionNode = FALSE
	EndGlobalSection
	GlobalSection(ExtensibilityGlobals) = postSolution
		SolutionGuid = {AA342B3B-92F3-4795-838D-B37C8060AB55}
	EndGlobalSection
EndGlobal
